
Microsoft Visual Studio Solution File, Format Version 12.00
# Visual Studio Version 17
VisualStudioVersion = 17.5.33402.96
MinimumVisualStudioVersion = 10.0.40219.1
Project("{FAE04EC0-301F-11D3-BF4B-00C04F79EFBC}") = "vls-registrar", "vls-registrar.csproj", "{9DB808F6-FA99-4972-A140-2E437C06B248}"
EndProject
Global
	GlobalSection(SolutionConfigurationPlatforms) = preSolution
		Debug|Any CPU = Debug|Any CPU
		Release|Any CPU = Release|Any CPU
	EndGlobalSection
	GlobalSection(ProjectConfigurationPlatforms) = postSolution
		{9DB808F6-FA99-4972-A140-2E437C06B248}.Debug|Any CPU.ActiveCfg = Debug|Any CPU
		{9DB808F6-FA99-4972-A140-2E437C06B248}.Debug|Any CPU.Build.0 = Debug|Any CPU
		{9DB808F6-FA99-4972-A140-2E437C06B248}.Release|Any CPU.ActiveCfg = Release|Any CPU
		{9DB808F6-FA99-4972-A140-2E437C06B248}.Release|Any CPU.Build.0 = Release|Any CPU
	EndGlobalSection
	GlobalSection(SolutionProperties) = preSolution
		HideSolutionNode = FALSE
	EndGlobalSection
	GlobalSection(ExtensibilityGlobals) = postSolution
		SolutionGuid = {7ACCA67E-9428-447B-AD51-19E7309C1468}
	EndGlobalSection
EndGlobal
